# This file is automatically @generated by Poetry 2.4.1 and should not be changed by hand.

[[package]]
name = "algokit-utils"
version = "4.2.3"
description = "Utilities for Algorand development for use by AlgoKit"
optional = false
python-versions = "<4.0,>=3.10"
groups = ["main"]
files = [
    {file = "algokit_utils-4.2.3-py3-none-any.whl", hash = "sha256:848b69ecb6c6750902fa0eadc17015a16972b33283287d8d3fb15893a16f4452"},
]

[package.dependencies]
httpx = ">=0.23.1,<=0.28.1"
py-algorand-sdk = ">=2.11.0,<3.0.0"
typing-extensions = ">=4.6.0"

[[package]]
name = "anyio"
version = "4.15.1"
description = "High-level concurrency and networking framework on top of asyncio or Trio"
optional = false
python-versions = ">=3.10"
groups = ["main"]
files = [
    {file = "anyio-4.15.1-py3-none-any.whl", hash = "sha256:6152fdbbf9a77fdec97731721bebf7c4c44f7c29b424b0065826173efc7ed101"},
    {file = "anyio-4.15.1.tar.gz", hash = "sha256:9f28306018cbd6d329e64a36d58256edff76dd996fe423bc957326e578b82a94"},
]

[package.dependencies]
idna = ">=2.8"
typing_extensions = {version = ">=4.16.0", markers = "python_version < \"3.15\""}

[package.extras]
trio = ["trio (>=0.32.0)"]

[[package]]
name = "certifi"
version = "2026.7.22"
description = "Python package for providing Mozilla's CA Bundle."
optional = false
python-versions = ">=3.7"
groups = ["main"]
files = [
    {file = "certifi-2026.7.22-py3-none-any.whl", hash = "sha256:62f22742b58a1a33014a2b6b706588a8d7e2a88ae7bd1a6ebe8c992928483775"},
    {file = "certifi-2026.7.22.tar.gz", hash = "sha256:741e2c3b351ddf169a738da9f2c048608ff7f2c5cc02f1ebc6b118bb090d5d55"},
]

[[package]]
name = "cffi"
version = "2.1.1"
description = "Foreign Function Interface for Python calling C code."
optional = false
python-versions = ">=3.10"
groups = ["main"]
markers = "platform_python_implementation != \"PyPy\""
files = [
    {file = "cffi-2.1.1-cp310-cp310-macosx_10_15_x86_64.whl", hash = "sha256:baed1e86cc735622097354b9d1281406caf42ff42a886d29faa8e8d1630333be"},
    {file = "cffi-2.1.1-cp310-cp310-macosx_11_0_arm64.whl", hash = "sha256:ca82be1a1d406ecfe1d25dc16cb33488e5a16bf4438c9fb590484ea29d92478b"},
    {file = "cffi-2.1.1-cp310-cp310-manylinux1_i686.manylinux2014_i686.manylinux_2_17_i686.manylinux_2_5_i686.whl", hash = "sha256:42e2f76b9455f5a9a844f770bf3e200ed3da0e15f5df3db9c31fe80b04b3d004"},
    {file = "cffi-2.1.1-cp310-cp310-manylinux2014_aarch64.manylinux_2_17_aarch64.whl", hash = "sha256:5a59cc1c4442bc3d5c703bf720b51138d0bfc173618807c9ee2490a7541dd3d9"},
    {file = "cffi-2.1.1-cp310-cp310-manylinux2014_ppc64le.manylinux_2_17_ppc64le.whl", hash = "sha256:9f8d177621de5cb38ee3e731eda45d421db093ec0739f46a5594babda7987a98"},
    {file = "cffi-2.1.1-cp310-cp310-manylinux2014_s390x.manylinux_2_17_s390x.whl", hash = "sha256:75f80557d1389eddbd0de2681f6a390a0c5338c31ddaa821381c203fc3fd50d9"},
    {file = "cffi-2.1.1-cp310-cp310-manylinux2014_x86_64.manylinux_2_17_x86_64.whl", hash = "sha256:194cffa889098ced9976c3fc6340305e43f6303657d298da55366907c05c22d6"},
    {file = "cffi-2.1.1-cp310-cp310-musllinux_1_2_aarch64.whl", hash = "sha256:5bb4e7ea95dcd6a014a6fef62e62467d67d8e582326443f3d68e71d6320a9fcf"},
    {file = "cffi-2.1.1-cp310-cp310-musllinux_1_2_i686.whl", hash = "sha256:3d22a20b1fb1632cc72c22f95f7b0d2961c3e1c235f245ba4c606c4771035659"},
    {file = "cffi-2.1.1-cp310-cp310-musllinux_1_2_x86_64.whl", hash = "sha256:1dea0e4d7d4f11f619fe8c1d76caf49e24405b4b5743c0e3be16a500ecd930c9"},
    {file = "cffi-2.1.1-cp310-cp310-win32.whl", hash = "sha256:7ce713ace7c0e4520535b42b77eaa742c16dab813978064913e5a3cf82973b41"},
    {file = "cffi-2.1.1-cp310-cp310-win_amd64.whl", hash = "sha256:a48d62ab9d6f4f98c983223a547af44be6ca3691074c31cecced6facd3ba2dc1"},
    {file = "cffi-2.1.1-cp311-cp311-macosx_10_15_x86_64.whl", hash = "sha256:c8d2c9fd1f2d16f780d15127abb050d13d1a76c03a4bd87d7e4980e45e511e12"},
    {file = "cffi-2.1.1-cp311-cp311-macosx_11_0_arm64.whl", hash = "sha256:398aff33cee2767e3e781d2554c54bd0dff386bb437581e0d8011fde1a942ec1"},
    {file = "cffi-2.1.1-cp311-cp311-manylinux1_i686.manylinux2014_i686.manylinux_2_17_i686.manylinux_2_5_i686.whl", hash = "sha256:154852545011f779917b11c78db2358d095da62a9a172b78ad0a583ee5adc0d0"},
    {file = "cffi-2.1.1-cp311-cp311-manylinux2014_aarch64.manylinux_2_17_aarch64.whl", hash = "sha256:3311ed60d36f83378794e1009ac6258bafbf81f7888b4caa7b35a521e3f95813"},
    {file = "cffi-2.1.1-cp311-cp311-manylinux2014_ppc64le.manylinux_2_17_ppc64le.whl", hash = "sha256:6e192623c49c94421616a5778fba35cf0d5a8d000650c1967ef4448ee5cdd990"},
    {file = "cffi-2.1.1-cp311-cp311-manylinux2014_s390x.manylinux_2_17_s390x.whl", hash = "sha256:a6e721d4b0e45d5b65e87534470e67b18dcd092c83f68fba09f152b9cbc061af"},
    {file = "cffi-2.1.1-cp311-cp311-manylinux2014_x86_64.manylinux_2_17_x86_64.whl", hash = "sha256:34e261f78cb6ceaaa36f42f2613f4380d94d9c759a9c73c769ee6e0247364632"},
    {file = "cffi-2.1.1-cp311-cp311-musllinux_1_2_aarch64.whl", hash = "sha256:7225e4514edb64eb6740324353e0da0711954fd8d7da4576755b1c6e09b697cd"},
    {file = "cffi-2.1.1-cp311-cp311-musllinux_1_2_i686.whl", hash = "sha256:df913725b79db7bcf03448f36b7bf8815363417d5b58deecf9305e3e30f0f21a"},
    {file = "cffi-2.1.1-cp311-cp311-musllinux_1_2_x86_64.whl", hash = "sha256:f5cfbc5fe74540d335175b656c725d74d90e3730c626d92575eea35029d9afaa"},
    {file = "cffi-2.1.1-cp311-cp311-win32.whl", hash = "sha256:f8ec5e643a9a937f64e1999eb9f75d072263751912dc5cd06d3c85f8f44be7c3"},
    {file = "cffi-2.1.1-cp311-cp311-win_amd64.whl", hash = "sha256:42f6930c31dc7f50732c9ae793c2786c7b6b044195967bbdde40bb9be81c4cc0"},
    {file = "cffi-2.1.1-cp311-cp311-win_arm64.whl", hash = "sha256:c7659f22557c5a0bc4855cd635f55edec690cc008a40768527762cb9fb263455"},
    {file = "cffi-2.1.1-cp312-cp312-macosx_10_15_x86_64.whl", hash = "sha256:c8c69575568085ba0b1b10c0249d779a214aea6f6522e949a0fc9fb0fcb449d0"},
    {file = "cffi-2.1.1-cp312-cp312-macosx_11_0_arm64.whl", hash = "sha256:f81b3b8f3d4e343550fa4baa0e479bba9f2d29ce9c2e9b51d1ce1718d7442fcf"},
    {file = "cffi-2.1.1-cp312-cp312-manylinux1_i686.manylinux2014_i686.manylinux_2_17_i686.manylinux_2_5_i686.whl", hash = "sha256:811bd1e21d32de12efca32393a0ab3f5133b54fce9bd44b8bd77ab07da14bf6a"},
    {file = "cffi-2.1.1-cp312-cp312-manylinux2014_aarch64.manylinux_2_17_aarch64.whl", hash = "sha256:68e62fe11f30d5ca8289242866f0a5291402d8529ca2178ab8afc5c9694ae890"},
    {file = "cffi-2.1.1-cp312-cp312-manylinux2014_ppc64le.manylinux_2_17_ppc64le.whl", hash = "sha256:4a7c934f7360e8cd64fe9efadcbd10c7c6364f531e432b9a4bf5ccbc9e0e8b50"},
    {file = "cffi-2.1.1-cp312-cp312-manylinux2014_s390x.manylinux_2_17_s390x.whl", hash = "sha256:3143d81e29e1e20a9ce10901ec369012947876596f75a222235965f2b7ae832e"},
    {file = "cffi-2.1.1-cp312-cp312-manylinux2014_x86_64.manylinux_2_17_x86_64.whl", hash = "sha256:c1453022f490d2459a11819d83ad1d586e9ff65a12ac3e705ffebd46d3685dcf"},
    {file = "cffi-2.1.1-cp312-cp312-musllinux_1_2_aarch64.whl", hash = "sha256:208f941bb9d18e768138677f0a6d2ce01f590df56043dda1df1535ac57c88517"},
    {file = "cffi-2.1.1-cp312-cp312-musllinux_1_2_x86_64.whl", hash = "sha256:210019b6c7cf07f081b4c54635c8cf744377001350e29cc0f81c4377b4797735"},
    {file = "cffi-2.1.1-cp312-cp312-win32.whl", hash = "sha256:046bfc24911b37851ee1b51aab8bffe713d89c68c6a057b09484ce9fd5f69b4e"},
    {file = "cffi-2.1.1-cp312-cp312-win_amd64.whl", hash = "sha256:f53e442b08449d42821fa4a4fba000095af9f62742a500f978a9f557ec44339a"},
    {file = "cffi-2.1.1-cp312-cp312-win_arm64.whl", hash = "sha256:7bde5e4cc5c10140859842b9d383af292b22639a4dffb725314baf45968cef80"},
    {file = "cffi-2.1.1-cp313-cp313-ios_13_0_arm64_iphoneos.whl", hash = "sha256:b5bdfd1c873d4e093aabc0ca84c4ca6dbc4f752afb5c86f146d9742580c9da2e"},
    {file = "cffi-2.1.1-cp313-cp313-ios_13_0_arm64_iphonesimulator.whl", hash = "sha256:31348097ff5bbe827ccc41795d4dd099d9f0625e7def00ee653c137a490c2a6c"},
    {file = "cffi-2.1.1-cp313-cp313-macosx_10_15_x86_64.whl", hash = "sha256:9d2055050ea716bd38b7f7f1579c275386646b4894c155a3e2f3cd62ed41b7c6"},
    {file = "cffi-2.1.1-cp313-cp313-macosx_11_0_arm64.whl", hash = "sha256:19ee6127ee34de7d83ce3d371ebc5ed91addbdcc39f9ab15ce4eb35a4e534971"},
    {file = "cffi-2.1.1-cp313-cp313-manylinux1_i686.manylinux2014_i686.manylinux_2_17_i686.manylinux_2_5_i686.whl", hash = "sha256:6a8dddef476fab96d066d578fc88526767b836ab5ab21754e1d5bf3879c31c7c"},
    {file = "cffi-2.1.1-cp313-cp313-manylinux2014_aarch64.manylinux_2_17_aarch64.whl", hash = "sha256:f16c709686a78c727bbbf059f92b0bf41c6fc60deec706d2dc19f529175a6125"},
    {file = "cffi-2.1.1-cp313-cp313-manylinux2014_ppc64le.manylinux_2_17_ppc64le.whl", hash = "sha256:fcd22650c908d7b7da162bbfaab594a1227a15d1643a98c68b122ac642fa2264"},
    {file = "cffi-2.1.1-cp313-cp313-manylinux2014_s390x.manylinux_2_17_s390x.whl", hash = "sha256:aa9511c62d14da7aacc9b4bf51f3f697a621e83b2d6919008243c3aad168eea3"},
    {file = "cffi-2.1.1-cp313-cp313-manylinux2014_x86_64.manylinux_2_17_x86_64.whl", hash = "sha256:a931079504ecc49efed7744c476a5c343a92fabf66dec2db95edb1b2fdc770e2"},
    {file = "cffi-2.1.1-cp313-cp313-musllinux_1_2_aarch64.whl", hash = "sha256:a2d7755bef5a12ed488f4ef1f1b69ee9191d7396083b755a5d2295f6edb4768b"},
    {file = "cffi-2.1.1-cp313-cp313-musllinux_1_2_x86_64.whl", hash = "sha256:e0bcb7e0f677f543555d2adff3bf19c05f66cdb4796e5ff602442ab2fe3c4ef7"},
    {file = "cffi-2.1.1-cp313-cp313-win32.whl", hash = "sha256:334644fbac4eff73d985a17a91226df55d0f394160c4cfb880e084c8f7161cac"},
    {file = "cffi-2.1.1-cp313-cp313-win_amd64.whl", hash = "sha256:1aa5645c30469b09530c4ebca77ebf8f17618293c58f8549cb1a543a50236e7d"},
    {file = "cffi-2.1.1-cp313-cp313-win_arm64.whl", hash = "sha256:63bbfd5ded17c4840ac07cd8f1c21ba9d9708141f840b324f422f41b207e3973"},
    {file = "cffi-2.1.1-cp314-cp314-ios_13_0_arm64_iphoneos.whl", hash = "sha256:7dbb61fe3a7699468030f71bbe5f8a0e326a151daa91beb11a6fc1f980c55e1c"},
    {file = "cffi-2.1.1-cp314-cp314-ios_13_0_arm64_iphonesimulator.whl", hash = "sha256:f24fb43132a4c6b4cb4eb029492919b2db645be6808d738f244fd146c03c32cb"},
    {file = "cffi-2.1.1-cp314-cp314-macosx_10_15_x86_64.whl", hash = "sha256:d28630f5854ab07ab1fd4aba756de52326c82e6be15d414b12793f1975048b54"},
    {file = "cffi-2.1.1-cp314-cp314-macosx_11_0_arm64.whl", hash = "sha256:661c298b4821edebead0c91edd2b00374d67ad7c5a1f7a91d4442633b79d6a72"},
    {file = "cffi-2.1.1-cp314-cp314-manylinux2014_aarch64.manylinux_2_17_aarch64.whl", hash = "sha256:58acb8ab8e295e6c5ea12f888cbb13cf21511ef2a3303a23f4325c29d17fe5c1"},
    {file = "cffi-2.1.1-cp314-cp314-manylinux2014_ppc64le.manylinux_2_17_ppc64le.whl", hash = "sha256:456a61fa52d579ebf9df2e9552ead5129855dbaff6c1e5a9b1bc408809bdc062"},
    {file = "cffi-2.1.1-cp314-cp314-manylinux2014_s390x.manylinux_2_17_s390x.whl", hash = "sha256:a4f00aa42f75d6e4595e8866e748cc1705adc0cddfeb2ca86d0d03993d63ba03"},
    {file = "cffi-2.1.1-cp314-cp314-manylinux2014_x86_64.manylinux_2_17_x86_64.whl", hash = "sha256:b0431303acaea1089ad4b3e9ce4e6518193def1118d4073ca848635ee4ea2e96"},
    {file = "cffi-2.1.1-cp314-cp314-musllinux_1_2_aarch64.whl", hash = "sha256:64faea20f4e2613363a1a9b9c7dd73058f3ecd00133a511e72ad7c511658f527"},
    {file = "cffi-2.1.1-cp314-cp314-musllinux_1_2_x86_64.whl", hash = "sha256:5c58fe613dc5e5336357eff555824a314d8e43282600435c8d1cb6a7a2fedd13"},
    {file = "cffi-2.1.1-cp314-cp314-win32.whl", hash = "sha256:1a18a57b58cfb21fc28d72e876acf10eaed67a1ed96226f92af4df681d571c4c"},
    {file = "cffi-2.1.1-cp314-cp314-win_amd64.whl", hash = "sha256:3222ba5d678f80a030e6afbcc33dc1ae5cb45facabb61cee2c7016b8432fde48"},
    {file = "cffi-2.1.1-cp314-cp314-win_arm64.whl", hash = "sha256:ab36d55f9ed2d067327667c2fea18dda018eb628dd6347aa01dda6cf1f5d3836"},
    {file = "cffi-2.1.1-cp314-cp314t-macosx_10_15_x86_64.whl", hash = "sha256:7750c6449dff7864bb9bb27ddfb0267756189201a3afc911d82b3caacd70dfc3"},
    {file = "cffi-2.1.1-cp314-cp314t-macosx_11_0_arm64.whl", hash = "sha256:0beceaabe56af686895136a2de78db54ecd8e4046b236b8fd6d6cb61389e9bf2"},
    {file = "cffi-2.1.1-cp314-cp314t-manylinux2014_aarch64.manylinux_2_17_aarch64.whl", hash = "sha256:49cbc70e6542d4ccccb936558d1064a8012541e78f821f955cff24e357776c94"},
    {file = "cffi-2.1.1-cp314-cp314t-manylinux2014_ppc64le.manylinux_2_17_ppc64le.whl", hash = "sha256:e2d65b31f36619cda3999b78b2aa9632e76b78448e7a56fc4240824200e7c4fc"},
    {file = "cffi-2.1.1-cp314-cp314t-manylinux2014_s390x.manylinux_2_17_s390x.whl", hash = "sha256:28907ab9bfb6aa13184cfc17c6b8e1023c5ab6fd7076d8c20a35e59fe04f8f29"},
    {file = "cffi-2.1.1-cp314-cp314t-manylinux2014_x86_64.manylinux_2_17_x86_64.whl", hash = "sha256:51b31d1c98274844cfd7838ce00bfc27c7423a4dc00fc0772fc3331c2cc90676"},
    {file = "cffi-2.1.1-cp314-cp314t-musllinux_1_2_aarch64.whl", hash = "sha256:5e7cecbaadb83884793e05828cee59b210b24583b9c7425d0ba6a754fe22eb4e"},
    {file = "cffi-2.1.1-cp314-cp314t-musllinux_1_2_x86_64.whl", hash = "sha256:25792eac27877609e7bb06d42ff88278a6624fff2ba9bbb523c09616b117e80f"},
    {file = "cffi-2.1.1-cp314-cp314t-win32.whl", hash = "sha256:8ef53b2de9bcb9197d31854256575d59dbac0cba72ac627bb291ef5eceb74be4"},
    {file = "cffi-2.1.1-cp314-cp314t-win_amd64.whl", hash = "sha256:616f097f2fe415bc92a247f02e11f634e1f9e9a83d327e3c915c15089c87869e"},
    {file = "cffi-2.1.1-cp314-cp314t-win_arm64.whl", hash = "sha256:ad2c86c495b899d862ea0f4b42891b8713a3bd45dd4105c7fd51c2a72f39f3a5"},
    {file = "cffi-2.1.1-cp315-cp315-ios_13_0_arm64_iphoneos.whl", hash = "sha256:dddad92b554513a31f272570678ba307fb9f618f05e3d4a5eacafff9eae03e1d"},
    {file = "cffi-2.1.1-cp315-cp315-ios_13_0_arm64_iphonesimulator.whl", hash = "sha256:da0e573f9f97159390c89d9f1a9e41908b66d408cc5b58d08cf3847d844c531b"},
    {file = "cffi-2.1.1-cp315-cp315-macosx_10_15_x86_64.whl", hash = "sha256:fb92203a88b3d3053034db775110081c49d28be6551923805e039924093761e4"},
    {file = "cffi-2.1.1-cp315-cp315-macosx_11_0_arm64.whl", hash = "sha256:2ae64be792b8966f2c69538199728b290e34726562896df1e5dc8ffd8d8188e8"},
    {file = "cffi-2.1.1-cp315-cp315-manylinux2014_aarch64.manylinux_2_17_aarch64.whl", hash = "sha256:507a24c282e0f42f8ed737cf048572cbf580468da5555764a8331735e9c736b6"},
    {file = "cffi-2.1.1-cp315-cp315-manylinux2014_ppc64le.manylinux_2_17_ppc64le.whl", hash = "sha256:246fa40ce8645a614ff682e0b70f37134e460eaf93a775e0cbe3cca585a67a80"},
    {file = "cffi-2.1.1-cp315-cp315-manylinux2014_s390x.manylinux_2_17_s390x.whl", hash = "sha256:471cee653ae88de62096552e6d24ccb4a5adb8c8c9f10b5054d0122c15bf2779"},
    {file = "cffi-2.1.1-cp315-cp315-manylinux2014_x86_64.manylinux_2_17_x86_64.whl", hash = "sha256:aeae0e330c9f6acd681f647d46cefd30c29f93e3392882e792e82080c9691399"},
    {file = "cffi-2.1.1-cp315-cp315-musllinux_1_2_aarch64.whl", hash = "sha256:42a494cee34437f05546455144f2b5d9ac09b1face62bcfce597d2e521066688"},
    {file = "cffi-2.1.1-cp315-cp315-musllinux_1_2_x86_64.whl", hash = "sha256:cc572dace3f60ef98d7b12ff411d20f5362feb31a0439eab0085bbfd349982d7"},
    {file = "cffi-2.1.1-cp315-cp315-win32.whl", hash = "sha256:4f42141fc14250de6dde5ee7ea4432be017252d91f19c5ad043c084cea629cac"},
    {file = "cffi-2.1.1-cp315-cp315-win_amd64.whl", hash = "sha256:e6e8cff14d6fb0be70a09c0bdc58096f501952d04624ebf867e0e56da2df8960"},
    {file = "cffi-2.1.1-cp315-cp315-win_arm64.whl", hash = "sha256:27350daa11d4f10c540e6e89dada4c54feb7256ad03e9a4dc075ebad7ba360d1"},
    {file = "cffi-2.1.1-cp315-cp315t-macosx_10_15_x86_64.whl", hash = "sha256:c26608d2222fb1e94487e4a387d85f13eb55d5ed725cb25a0c589ac4ee60e7bc"},
    {file = "cffi-2.1.1-cp315-cp315t-macosx_11_0_arm64.whl", hash = "sha256:4be96343e422f2dfcd12ab5c9f5aebe03f82f737c6bffeca6830b3875cb44aab"},
    {file = "cffi-2.1.1-cp315-cp315t-manylinux2014_aarch64.manylinux_2_17_aarch64.whl", hash = "sha256:937c0052c05a31ca1daf18de3158eed4dbfcb9cc107adbea227728d647be701e"},
    {file = "cffi-2.1.1-cp315-cp315t-manylinux2014_ppc64le.manylinux_2_17_ppc64le.whl", hash = "sha256:df423d40ee8654634421812bc3b196da3f9bd7d32929da813f8394c4348a5358"},
    {file = "cffi-2.1.1-cp315-cp315t-manylinux2014_s390x.manylinux_2_17_s390x.whl", hash = "sha256:a730a083190634c65cca36ba5f489531576ebd79bcd5c8e172130f6453127231"},
    {file = "cffi-2.1.1-cp315-cp315t-manylinux2014_x86_64.manylinux_2_17_x86_64.whl", hash = "sha256:363e05fa78e15116c3c32c210ee36884fd6b9afa6d440e47112c3bd511d64cb6"},
    {file = "cffi-2.1.1-cp315-cp315t-musllinux_1_2_aarch64.whl", hash = "sha256:770de9db11e84213beec501cfcaa013b019820ca881e03344dea5844f7876d94"},
    {file = "cffi-2.1.1-cp315-cp315t-musllinux_1_2_x86_64.whl", hash = "sha256:7da0c5eff80f0197f3b3d1232ec5a682a9325f4ae9016a78f5f5ca35f9ced1f5"},
    {file = "cffi-2.1.1-cp315-cp315t-win32.whl", hash = "sha256:06c72bb76605a4b0cd0aad6930b69d4baf7dd5d806cfc409b824191099700e66"},
    {file = "cffi-2.1.1-cp315-cp315t-win_amd64.whl", hash = "sha256:d9c275eaacd24aa73f94ffd6de08fc3f932424d8b6c376f4bed7cde376fe7bc3"},
    {file = "cffi-2.1.1-cp315-cp315t-win_arm64.whl", hash = "sha256:d18e5ac0f2f03f4f518d3e23db0f0cad7faa1da8620e9c09461d443bbf6e6692"},
    {file = "cffi-2.1.1.tar.gz", hash = "sha256:dd31f52ea1086513bb9df30f8fcee9b8918323ae067a3d5b78bc826a000712be"},
]

[package.dependencies]
pycparser = {version = "*", markers = "implementation_name != \"PyPy\""}

[[package]]
name = "h11"
version = "0.16.0"
description = "A pure-Python, bring-your-own-I/O implementation of HTTP/1.1"
optional = false
python-versions = ">=3.8"
groups = ["main"]
files = [
    {file = "h11-0.16.0-py3-none-any.whl", hash = "sha256:63cf8bbe7522de3bf65932fda1d9c2772064ffb3dae62d55932da54b31cb6c86"},
    {file = "h11-0.16.0.tar.gz", hash = "sha256:4e35b956cf45792e4caa5885e69fba00bdbc6ffafbfa020300e549b208ee5ff1"},
]

[[package]]
name = "httpcore"
version = "1.0.9"
description = "A minimal low-level HTTP client."
optional = false
python-versions = ">=3.8"
groups = ["main"]
files = [
    {file = "httpcore-1.0.9-py3-none-any.whl", hash = "sha256:2d400746a40668fc9dec9810239072b40b4484b640a8c38fd654a024c7a1bf55"},
    {file = "httpcore-1.0.9.tar.gz", hash = "sha256:6e34463af53fd2ab5d807f399a9b45ea31c3dfa2276f15a2c3f00afff6e176e8"},
]

[package.dependencies]
certifi = "*"
h11 = ">=0.16"

[package.extras]
asyncio = ["anyio (>=4.0,<5.0)"]
http2 = ["h2 (>=3,<5)"]
socks = ["socksio (==1.*)"]
trio = ["trio (>=0.22.0,<1.0)"]

[[package]]
name = "httpx"
version = "0.28.1"
description = "The next generation HTTP client."
optional = false
python-versions = ">=3.8"
groups = ["main"]
files = [
    {file = "httpx-0.28.1-py3-none-any.whl", hash = "sha256:d909fcccc110f8c7faf814ca82a9a4d816bc5a6dbfea25d6591d6985b8ba59ad"},
    {file = "httpx-0.28.1.tar.gz", hash = "sha256:75e98c5f16b0f35b567856f597f06ff2270a374470a5c2392242528e3e3e42fc"},
]

[package.dependencies]
anyio = "*"
certifi = "*"
httpcore = "==1.*"
idna = "*"

[package.extras]
brotli = ["brotli ; platform_python_implementation == \"CPython\"", "brotlicffi ; platform_python_implementation != \"CPython\""]
cli = ["click (==8.*)", "pygments (==2.*)", "rich (>=10,<14)"]
http2 = ["h2 (>=3,<5)"]
socks = ["socksio (==1.*)"]
zstd = ["zstandard (>=0.18.0)"]

[[package]]
name = "idna"
version = "3.20"
description = "Internationalized Domain Names in Applications (IDNA)"
optional = false
python-versions = ">=3.9"
groups = ["main"]
files = [
    {file = "idna-3.20-py3-none-any.whl", hash = "sha256:ab7ae7122974553370f0bdb919e1a960b2cd1bc1ef0276416d896db81c14582c"},
    {file = "idna-3.20.tar.gz", hash = "sha256:a7db850025b95ded1eae8a46181a1a6c56c92c96f0e2b005d9ff8dc0210cab44"},
]

[package.extras]
all = ["coverage (>=7.10.0)", "hypothesis (>=6.141.1)", "mypy (>=1.11.2)", "pytest (>=8.3.2)", "ruff (>=0.16.0)", "ty (>=0.0.37)"]

[[package]]
name = "msgpack"
version = "1.2.2"
description = "MessagePack serializer"
optional = false
python-versions = ">=3.10"
groups = ["main"]
files = [
    {file = "msgpack-1.2.2-cp310-cp310-macosx_10_9_x86_64.whl", hash = "sha256:7afa5431f6f3487c584187ca6c8e2a34e9b106529893b3e720eabb068f6ac970"},
    {file = "msgpack-1.2.2-cp310-cp310-macosx_11_0_arm64.whl", hash = "sha256:a9b4cf3685a135666d27d0d7a73fece74e2fad01d9b508fded89e843512f0e90"},
    {file = "msgpack-1.2.2-cp310-cp310-manylinux2014_aarch64.manylinux_2_17_aarch64.manylinux_2_28_aarch64.whl", hash = "sha256:4710d881d8fb047deed2485707409116722af2b992d3fefd73c7667c4e350839"},
    {file = "msgpack-1.2.2-cp310-cp310-manylinux2014_x86_64.manylinux_2_17_x86_64.manylinux_2_28_x86_64.whl", hash = "sha256:58ce37a4a54577115922385d37201d9a44d66d0167dfbbf4770a2e9bf8ea7ba3"},
    {file = "msgpack-1.2.2-cp310-cp310-manylinux_2_31_riscv64.manylinux_2_39_riscv64.whl", hash = "sha256:86f173a584f72f6164801f31866d22a581f60c991572cf922aed9ab8eb422b77"},
    {file = "msgpack-1.2.2-cp310-cp310-musllinux_1_2_aarch64.whl", hash = "sha256:e05a94a0442de86818a30281c6cc2cb9cc7aa148386fd3541c4d4774b73cb3a9"},
    {file = "msgpack-1.2.2-cp310-cp310-musllinux_1_2_riscv64.whl", hash = "sha256:9bd3d1557c3fe1a095068210708a03e3e4795973392af6f4047060e70abd9a6c"},
    {file = "msgpack-1.2.2-cp310-cp310-musllinux_1_2_x86_64.whl", hash = "sha256:46ec851571d8f1b6e29794ebb9dd36f785008da6d14f57c702e60781d6caf648"},
    {file = "msgpack-1.2.2-cp310-cp310-win32.whl", hash = "sha256:1f3af0baafd184436501004828bb3df64eeb2fc49dfe9d89abcf604956094563"},
    {file = "msgpack-1.2.2-cp310-cp310-win_amd64.whl", hash = "sha256:82b1bdf293267afaadcc608b125e7fc6576bb0785a60c4fa7d07c7ab76ed76ec"},
    {file = "msgpack-1.2.2-cp311-cp311-macosx_10_9_x86_64.whl", hash = "sha256:9d7fb25b4442fae0cb2590272d06ab4f6caa526ee36a994edb81e946b874813e"},
    {file = "msgpack-1.2.2-cp311-cp311-macosx_11_0_arm64.whl", hash = "sha256:7fe374ba76eb0ecca13a1703daa8fa85825a6ddddbb52d4c1a732fa524194683"},
    {file = "msgpack-1.2.2-cp311-cp311-manylinux2014_aarch64.manylinux_2_17_aarch64.manylinux_2_28_aarch64.whl", hash = "sha256:b9b0c1f2aa7b0026b4bd50718100e8b04175e4f36e160aa852502377b5e572e7"},
    {file = "msgpack-1.2.2-cp311-cp311-manylinux2014_x86_64.manylinux_2_17_x86_64.manylinux_2_28_x86_64.whl", hash = "sha256:f11e09f10210a91c169e39c7a5a1f9090eaa73ad75555fafad5023c3053c47ba"},
    {file = "msgpack-1.2.2-cp311-cp311-manylinux_2_31_riscv64.manylinux_2_39_riscv64.whl", hash = "sha256:8b1415d02e9bf722672af8a90f90813265a0cd0b14163187261e54a5592bc949"},
    {file = "msgpack-1.2.2-cp311-cp311-musllinux_1_2_aarch64.whl", hash = "sha256:42fd9260416885b4815caca5bdd14dfd5dda6cdade732d6c09104ef8f6228761"},
    {file = "msgpack-1.2.2-cp311-cp311-musllinux_1_2_riscv64.whl", hash = "sha256:336525cc2688e43ea77dfb1a4ce012c8cde561835913801dbfcfdcf4111d8abb"},
    {file = "msgpack-1.2.2-cp311-cp311-musllinux_1_2_x86_64.whl", hash = "sha256:cdb6cc6e1127d15879c47a8b3270716243da82d3e7feab1f5946872c75b3d60f"},
    {file = "msgpack-1.2.2-cp311-cp311-win32.whl", hash = "sha256:cf66fb38703e61a486b01b56d43bb1f50698fbe99b6bd90feba10f24fab60b3b"},
    {file = "msgpack-1.2.2-cp311-cp311-win_amd64.whl", hash = "sha256:0883a1578168929fd1640fbbc4614773f1a130e419a8a817dc2918d9af1b651c"},
    {file = "msgpack-1.2.2-cp311-cp311-win_arm64.whl", hash = "sha256:4955accbd87f27beebef5f3ecc27503aa74cb016fb4f640868e749fd93194a35"},
    {file = "msgpack-1.2.2-cp312-cp312-macosx_10_13_x86_64.whl", hash = "sha256:4a4348705be86e029d04e741cf9ed0dfe03e942d7d3b92e838fa80d3aa2c3ebc"},
    {file = "msgpack-1.2.2-cp312-cp312-macosx_11_0_arm64.whl", hash = "sha256:0a652ceeededf71d3fa40c303a02a149d42338d310162367b91c539d4bd6e0a3"},
    {file = "msgpack-1.2.2-cp312-cp312-manylinux2014_aarch64.manylinux_2_17_aarch64.manylinux_2_28_aarch64.whl", hash = "sha256:90986cc9aab9d7d1d8f38bcbf65d3f7ac83bdd90c35765db7d691b4829698cba"},
    {file = "msgpack-1.2.2-cp312-cp312-manylinux2014_x86_64.manylinux_2_17_x86_64.manylinux_2_28_x86_64.whl", hash = "sha256:77c2e018417dc1d66f235e383877ee885b60ade9d29e494dd581e08af2cb1923"},
    {file = "msgpack-1.2.2-cp312-cp312-manylinux_2_31_riscv64.manylinux_2_39_riscv64.whl", hash = "sha256:0e91332144f69bc3018c91232fac26da580ef748fb8eaddd7914d4458001cc4f"},
    {file = "msgpack-1.2.2-cp312-cp312-musllinux_1_2_aarch64.whl", hash = "sha256:3e915d390d7068b257ca8b62f3fc59fad135c8631d1017ab03b0b924b07c5367"},
    {file = "msgpack-1.2.2-cp312-cp312-musllinux_1_2_riscv64.whl", hash = "sha256:c522420d78db2431887d45b518e304d86e27b9ad0b30f24e3806a6ad5d8bdbfc"},
    {file = "msgpack-1.2.2-cp312-cp312-musllinux_1_2_x86_64.whl", hash = "sha256:4b554d8164ebb526892194f71dcd96ef1fefe0c250087498785d3ffc04a80be3"},
    {file = "msgpack-1.2.2-cp312-cp312-win32.whl", hash = "sha256:0e3315de5a4b2920ccef48d96b4448025e064a10d0f5a250f6584477d839c8d4"},
    {file = "msgpack-1.2.2-cp312-cp312-win_amd64.whl", hash = "sha256:b68614fba0570349833b7dd999ff0aed4e5cc8d9eb6e3a7d4527be33c65e33d3"},
    {file = "msgpack-1.2.2-cp312-cp312-win_arm64.whl", hash = "sha256:59d5b93efa45fd09f620d0c9ba81cde339a2c9937af3eea42ee9653094ce6640"},
    {file = "msgpack-1.2.2-cp313-cp313-macosx_10_13_x86_64.whl", hash = "sha256:8b2a281b556f120a43e591ea39915741b7ad54d4727b9c4350a0a11692252533"},
    {file = "msgpack-1.2.2-cp313-cp313-macosx_11_0_arm64.whl", hash = "sha256:1e8cdd1f3e7cc52c751092a9bf740e81e6919ab109cd376ae2d965dad0bbae34"},
    {file = "msgpack-1.2.2-cp313-cp313-manylinux2014_aarch64.manylinux_2_17_aarch64.manylinux_2_28_aarch64.whl", hash = "sha256:1814f92306ae7862908e9ece7cfd90e0dc87ded3e89b6ae7ffdd1175d6376fdc"},
    {file = "msgpack-1.2.2-cp313-cp313-manylinux2014_x86_64.manylinux_2_17_x86_64.manylinux_2_28_x86_64.whl", hash = "sha256:d24b38a825bcca41bb956de50eb98451ef291304a8607fad99e619043d3e79b9"},
    {file = "msgpack-1.2.2-cp313-cp313-manylinux_2_31_riscv64.manylinux_2_39_riscv64.whl", hash = "sha256:34e83e345194a2a51d8bd447dea9de2104f91e75b247f4735f14f04529f0746b"},
    {file = "msgpack-1.2.2-cp313-cp313-musllinux_1_2_aarch64.whl", hash = "sha256:682804bf31e43d46e51a9a33bd575b51e839d715ce6bd5612c055f7b28ad637b"},
    {file = "msgpack-1.2.2-cp313-cp313-musllinux_1_2_riscv64.whl", hash = "sha256:9b659d77f8726fa5e7038967dda6b68d53cf34472c094cfa5b845454713b90d5"},
    {file = "msgpack-1.2.2-cp313-cp313-musllinux_1_2_x86_64.whl", hash = "sha256:4d9a562aec0a92fe536da2e533d313b3d2a6b929157b1dec7ff623446dc0a8ab"},
    {file = "msgpack-1.2.2-cp313-cp313-win32.whl", hash = "sha256:a4161eee7799863aee237c35c90427861f7b994416dd81ae829f560b0a81bdcd"},
    {file = "msgpack-1.2.2-cp313-cp313-win_amd64.whl", hash = "sha256:b07c03f0da7e5279170df7745ddc732d526c8a198208936ec1a95c11ed2b2d5f"},
    {file = "msgpack-1.2.2-cp313-cp313-win_arm64.whl", hash = "sha256:d13d07efbf655f9ae7a2352b630c52727b359005b21ba08a507585c9ac8c0896"},
    {file = "msgpack-1.2.2-cp314-cp314-macosx_10_15_x86_64.whl", hash = "sha256:e497ee34e8a3342bbde51b27c22d8db05a651df3361dd3daef5b3ab0d66f3e04"},
    {file = "msgpack-1.2.2-cp314-cp314-macosx_11_0_arm64.whl", hash = "sha256:0dd9173c5ebaf5ecc5ca86e7ae1db92934e1d57b856f3dd90698941431f4fd77"},
    {file = "msgpack-1.2.2-cp314-cp314-manylinux2014_aarch64.manylinux_2_17_aarch64.manylinux_2_28_aarch64.whl", hash = "sha256:8dc4487097571f7311188c3eca2a3e86cd1f1db4c37c7a017bcc3fd38486cbfe"},
    {file = "msgpack-1.2.2-cp314-cp314-manylinux2014_x86_64.manylinux_2_17_x86_64.manylinux_2_28_x86_64.whl", hash = "sha256:73b0e05c32c3cfc3cd84994908e57430c0ebc6813abf905d3f18ff115d54df3f"},
    {file = "msgpack-1.2.2-cp314-cp314-manylinux_2_31_riscv64.manylinux_2_39_riscv64.whl", hash = "sha256:aa1120c653b76d8eafa50423b5eba06b5c9737f8692c74fa3afe03e84b8978ea"},
    {file = "msgpack-1.2.2-cp314-cp314-musllinux_1_2_aarch64.whl", hash = "sha256:ccfd880988f8438d1c91c77d7edc58e70f4d2012e999167bc154c64c6f06ea6b"},
    {file = "msgpack-1.2.2-cp314-cp314-musllinux_1_2_riscv64.whl", hash = "sha256:6195257a107bf25872ef84aab7295078271eea3ac6413f0506b631f6c9586ed5"},
    {file = "msgpack-1.2.2-cp314-cp314-musllinux_1_2_x86_64.whl", hash = "sha256:b8dd6c71d20c28d2d0eb0c51e7cccf3584afde3b1364f6629596186c9025bd54"},
    {file = "msgpack-1.2.2-cp314-cp314-win32.whl", hash = "sha256:d242f3c4ccf55b056e6cf901720dccde58f1df117898f2bbf3bcd6e38ec7c248"},
    {file = "msgpack-1.2.2-cp314-cp314-win_amd64.whl", hash = "sha256:1510f24612d4b983dff6935d9273e02c320cfd525727fbcb58836a75f589fdbc"},
    {file = "msgpack-1.2.2-cp314-cp314-win_arm64.whl", hash = "sha256:7826f16edc763e768404f55605ef85dfcf5857e729c1ed29e0d7c180be4fe6d8"},
    {file = "msgpack-1.2.2-cp314-cp314t-macosx_10_15_x86_64.whl", hash = "sha256:f466049b8e1ec0854287bbe9a074316826fe0e08dcf707245f98b1ae49e92650"},
    {file = "msgpack-1.2.2-cp314-cp314t-macosx_11_0_arm64.whl", hash = "sha256:1f6b6f8deb07d49090e1808c6ef9cb7d23ca17bef3aa6ed3e5e03df16606e60c"},
    {file = "msgpack-1.2.2-cp314-cp314t-manylinux2014_aarch64.manylinux_2_17_aarch64.manylinux_2_28_aarch64.whl", hash = "sha256:b542ffc0a5c531eedc40419f291f1bd659aa8d4223408a5b51c88a2796083fd3"},
    {file = "msgpack-1.2.2-cp314-cp314t-manylinux2014_x86_64.manylinux_2_17_x86_64.manylinux_2_28_x86_64.whl", hash = "sha256:7d095df2627e5dd59ac7b0c5ad627a671c76e6020171e03cbe4621a61f0562c3"},
    {file = "msgpack-1.2.2-cp314-cp314t-manylinux_2_31_riscv64.manylinux_2_39_riscv64.whl", hash = "sha256:ffdd2f4950daf7815490f23087963e3420175b9609520b7ff5df64d351159c22"},
    {file = "msgpack-1.2.2-cp314-cp314t-musllinux_1_2_aarch64.whl", hash = "sha256:652d1bf13d01bac8fd569def0fe76745e55bcda01e30aa6332d5947ea3788839"},
    {file = "msgpack-1.2.2-cp314-cp314t-musllinux_1_2_riscv64.whl", hash = "sha256:9bf452ff4d4981f25a18e9476e002bcc9263e7928024aa4d7148e25f7be3f929"},
    {file = "msgpack-1.2.2-cp314-cp314t-musllinux_1_2_x86_64.whl", hash = "sha256:55faa6f8395e23b848c535ad5dcb96b3462f37f5e7f4ac500d500434f7345da7"},
    {file = "msgpack-1.2.2-cp314-cp314t-win32.whl", hash = "sha256:419a45c67a5c04213172a14b1864657e014665b77d7081b107a51707923dd39e"},
    {file = "msgpack-1.2.2-cp314-cp314t-win_amd64.whl", hash = "sha256:935b1cfad9b908b0fa845010f4271df4c2f04e1cd26e3f18acd61a45f93c9e36"},
    {file = "msgpack-1.2.2-cp314-cp314t-win_arm64.whl", hash = "sha256:11e8c421e117d1c36728b423d0402555cccbf0c6f53e288f0e75b6b12100d70f"},
    {file = "msgpack-1.2.2-cp315-cp315-macosx_10_15_x86_64.whl", hash = "sha256:e1b99ad34613d5f8477fa5cf99bc4eaeaf27965588007c102370cd9a78fe9de5"},
    {file = "msgpack-1.2.2-cp315-cp315-macosx_11_0_arm64.whl", hash = "sha256:0fbc1bed8a535389b41882cfae66376e248cd1680eaa94fd83193c73e1d24986"},
    {file = "msgpack-1.2.2-cp315-cp315-manylinux2014_aarch64.manylinux_2_17_aarch64.manylinux_2_28_aarch64.whl", hash = "sha256:06d95f61de7afe4f4ff908a6feebfcb070d0582ac87c9cf3cedf8551cf634516"},
    {file = "msgpack-1.2.2-cp315-cp315-manylinux2014_x86_64.manylinux_2_17_x86_64.manylinux_2_28_x86_64.whl", hash = "sha256:b5c696ae7cd7166b3657261adb855b461ff31f07823fdbae9de8bf80adfccc21"},
    {file = "msgpack-1.2.2-cp315-cp315-manylinux_2_31_riscv64.manylinux_2_39_riscv64.whl", hash = "sha256:0708afbf6a9587f0bfe479a9825c141d14d91e2f6a5c8103cf28bc96f4edb5d9"},
    {file = "msgpack-1.2.2-cp315-cp315-musllinux_1_2_aarch64.whl", hash = "sha256:226a62ffe99fe54c5c61d910ec64c3449b7766c3280bd286bf6c94838dde239a"},
    {file = "msgpack-1.2.2-cp315-cp315-musllinux_1_2_riscv64.whl", hash = "sha256:9fd7f32e2f0fb334e7ecc5adb5cf0458785bd3a9d9d86f950e1715f101cebce5"},
    {file = "msgpack-1.2.2-cp315-cp315-musllinux_1_2_x86_64.whl", hash = "sha256:9db1ba1c1e6a84245a9dd866265b56b8a1e9461549cc72ed296d8cbfbd32961b"},
    {file = "msgpack-1.2.2-cp315-cp315-win32.whl", hash = "sha256:e2eb7ea0ac3911a7aac9d8aaa36d40f216d99455b3274cd3fac38181bcd910cf"},
    {file = "msgpack-1.2.2-cp315-cp315-win_amd64.whl", hash = "sha256:9352e6cdb510a7b1a5d3ccaccec730e82e50cf3484a3af7bdaab19e23b9589ff"},
    {file = "msgpack-1.2.2-cp315-cp315-win_arm64.whl", hash = "sha256:29cc2d5291711a52956a79a51f41c732329df39ad727c886bd8f0b5b9237a808"},
    {file = "msgpack-1.2.2-cp315-cp315t-macosx_10_15_x86_64.whl", hash = "sha256:d886baa46b2532135e7320067e6a44edb09ba5883a6096b0f9c044533984b8a8"},
    {file = "msgpack-1.2.2-cp315-cp315t-macosx_11_0_arm64.whl", hash = "sha256:53679573c75cce5f82359e0bd4e6a97809a6b9a9b7a48fd1ba592f4a82cddc84"},
    {file = "msgpack-1.2.2-cp315-cp315t-manylinux2014_aarch64.manylinux_2_17_aarch64.manylinux_2_28_aarch64.whl", hash = "sha256:d3c247d457ae9079974c7ce3c665396754a6d2baff7eaa51332212a8a5a3f13b"},
    {file = "msgpack-1.2.2-cp315-cp315t-manylinux2014_x86_64.manylinux_2_17_x86_64.manylinux_2_28_x86_64.whl", hash = "sha256:352ed831042549cca8be23780e1fe7c9177e65ff02bf183509c4b4d33f671782"},
    {file = "msgpack-1.2.2-cp315-cp315t-manylinux_2_31_riscv64.manylinux_2_39_riscv64.whl", hash = "sha256:f80361592c13d7226b4379c8941529b63fe1a9d0e05d2de8f3306b70e522b53f"},
    {file = "msgpack-1.2.2-cp315-cp315t-musllinux_1_2_aarch64.whl", hash = "sha256:68df2947921d449f6dcfeafd86cb2cdde13327a8b447534bbe4ee5aaf32a5695"},
    {file = "msgpack-1.2.2-cp315-cp315t-musllinux_1_2_riscv64.whl", hash = "sha256:51dd39d23cfdea0400ed3ff2d29d1e83bd951d3aea79dc89be5b701a09edfe23"},
    {file = "msgpack-1.2.2-cp315-cp315t-musllinux_1_2_x86_64.whl", hash = "sha256:b13b59e66f107cca1ba708dd5307179870ca1b15b19fcee7ccf722e5308d9212"},
    {file = "msgpack-1.2.2-cp315-cp315t-win32.whl", hash = "sha256:8c6321a414f8b4a8dc43976b2fa8349156434ca9adedd9a187b796f7e1d3d3fc"},
    {file = "msgpack-1.2.2-cp315-cp315t-win_amd64.whl", hash = "sha256:6f53285f20d592ed309ee19e509cc4c77a3bda1db02ad67e8a0949bb227a5a6d"},
    {file = "msgpack-1.2.2-cp315-cp315t-win_arm64.whl", hash = "sha256:a378e12ccc06d76efde115caf4073b7e5ff3cc18291d1341f9e65fb882e3f754"},
    {file = "msgpack-1.2.2.tar.gz", hash = "sha256:9eb0b0e602064527a045ea28c4f174ed69383587e29cebe28947e3b84106eb2a"},
]

[[package]]
name = "py-algorand-sdk"
version = "2.12.0"
description = "Algorand SDK in Python"
optional = false
python-versions = ">=3.10"
groups = ["main"]
files = [
    {file = "py_algorand_sdk-2.12.0-py3-none-any.whl", hash = "sha256:d7a627e79060912a619418582d9fce838a0f0acc3c58a21d46b2fca458522211"},
    {file = "py_algorand_sdk-2.12.0.tar.gz", hash = "sha256:0726a714879d8962aeb72379321b236bb7991b7e8c931ae35ba75c8977f52fae"},
]

[package.dependencies]
msgpack = ">=1.0.0,<2"
pycryptodomex = ">=3.6.0,<4"
pynacl = ">=1.4.0,<2"
typing_extensions = ">=4.9.0,<5"

[[package]]
name = "pycparser"
version = "3.0"
description = "C parser in Python"
optional = false
python-versions = ">=3.10"
groups = ["main"]
markers = "platform_python_implementation != \"PyPy\" and implementation_name != \"PyPy\""
files = [
    {file = "pycparser-3.0-py3-none-any.whl", hash = "sha256:b727414169a36b7d524c1c3e31839a521725078d7b2ff038656844266160a992"},
    {file = "pycparser-3.0.tar.gz", hash = "sha256:600f49d217304a5902ac3c37e1281c9fe94e4d0489de643a9504c5cdfdfc6b29"},
]

[[package]]
name = "pycryptodomex"
version = "3.23.0"
description = "Cryptographic library for Python"
optional = false
python-versions = "!=3.0.*,!=3.1.*,!=3.2.*,!=3.3.*,!=3.4.*,!=3.5.*,!=3.6.*,>=2.7"
groups = ["main"]
files = [
    {file = "pycryptodomex-3.23.0-cp27-cp27m-macosx_10_9_x86_64.whl", hash = "sha256:add243d204e125f189819db65eed55e6b4713f70a7e9576c043178656529cec7"},
    {file = "pycryptodomex-3.23.0-cp27-cp27m-manylinux2010_i686.whl", hash = "sha256:1c6d919fc8429e5cb228ba8c0d4d03d202a560b421c14867a65f6042990adc8e"},
    {file = "pycryptodomex-3.23.0-cp27-cp27m-manylinux2010_x86_64.whl", hash = "sha256:1c3a65ad441746b250d781910d26b7ed0a396733c6f2dbc3327bd7051ec8a541"},
    {file = "pycryptodomex-3.23.0-cp27-cp27m-win32.whl", hash = "sha256:47f6d318fe864d02d5e59a20a18834819596c4ed1d3c917801b22b92b3ffa648"},
    {file = "pycryptodomex-3.23.0-cp27-cp27mu-manylinux2010_i686.whl", hash = "sha256:d9825410197a97685d6a1fa2a86196430b01877d64458a20e95d4fd00d739a08"},
    {file = "pycryptodomex-3.23.0-cp27-cp27mu-manylinux2010_x86_64.whl", hash = "sha256:267a3038f87a8565bd834317dbf053a02055915acf353bf42ededb9edaf72010"},
    {file = "pycryptodomex-3.23.0-cp313-cp313t-macosx_10_13_universal2.whl", hash = "sha256:7b37e08e3871efe2187bc1fd9320cc81d87caf19816c648f24443483005ff886"},
    {file = "pycryptodomex-3.23.0-cp313-cp313t-macosx_10_13_x86_64.whl", hash = "sha256:91979028227543010d7b2ba2471cf1d1e398b3f183cb105ac584df0c36dac28d"},
    {file = "pycryptodomex-3.23.0-cp313-cp313t-manylinux_2_17_aarch64.manylinux2014_aarch64.whl", hash = "sha256:6b8962204c47464d5c1c4038abeadd4514a133b28748bcd9fa5b6d62e3cec6fa"},
    {file = "pycryptodomex-3.23.0-cp313-cp313t-manylinux_2_17_x86_64.manylinux2014_x86_64.whl", hash = "sha256:a33986a0066860f7fcf7c7bd2bc804fa90e434183645595ae7b33d01f3c91ed8"},
    {file = "pycryptodomex-3.23.0-cp313-cp313t-manylinux_2_5_i686.manylinux1_i686.manylinux_2_17_i686.manylinux2014_i686.whl", hash = "sha256:c7947ab8d589e3178da3d7cdeabe14f841b391e17046954f2fbcd941705762b5"},
    {file = "pycryptodomex-3.23.0-cp313-cp313t-musllinux_1_2_aarch64.whl", hash = "sha256:c25e30a20e1b426e1f0fa00131c516f16e474204eee1139d1603e132acffc314"},
    {file = "pycryptodomex-3.23.0-cp313-cp313t-musllinux_1_2_i686.whl", hash = "sha256:da4fa650cef02db88c2b98acc5434461e027dce0ae8c22dd5a69013eaf510006"},
    {file = "pycryptodomex-3.23.0-cp313-cp313t-musllinux_1_2_x86_64.whl", hash = "sha256:58b851b9effd0d072d4ca2e4542bf2a4abcf13c82a29fd2c93ce27ee2a2e9462"},
    {file = "pycryptodomex-3.23.0-cp313-cp313t-win32.whl", hash = "sha256:a9d446e844f08299236780f2efa9898c818fe7e02f17263866b8550c7d5fb328"},
    {file = "pycryptodomex-3.23.0-cp313-cp313t-win_amd64.whl", hash = "sha256:bc65bdd9fc8de7a35a74cab1c898cab391a4add33a8fe740bda00f5976ca4708"},
    {file = "pycryptodomex-3.23.0-cp313-cp313t-win_arm64.whl", hash = "sha256:c885da45e70139464f082018ac527fdaad26f1657a99ee13eecdce0f0ca24ab4"},
    {file = "pycryptodomex-3.23.0-cp37-abi3-macosx_10_9_universal2.whl", hash = "sha256:06698f957fe1ab229a99ba2defeeae1c09af185baa909a31a5d1f9d42b1aaed6"},
    {file = "pycryptodomex-3.23.0-cp37-abi3-macosx_10_9_x86_64.whl", hash = "sha256:b2c2537863eccef2d41061e82a881dcabb04944c5c06c5aa7110b577cc487545"},
    {file = "pycryptodomex-3.23.0-cp37-abi3-manylinux_2_17_aarch64.manylinux2014_aarch64.whl", hash = "sha256:43c446e2ba8df8889e0e16f02211c25b4934898384c1ec1ec04d7889c0333587"},
    {file = "pycryptodomex-3.23.0-cp37-abi3-manylinux_2_17_x86_64.manylinux2014_x86_64.whl", hash = "sha256:f489c4765093fb60e2edafdf223397bc716491b2b69fe74367b70d6999257a5c"},
    {file = "pycryptodomex-3.23.0-cp37-abi3-manylinux_2_5_i686.manylinux1_i686.manylinux_2_17_i686.manylinux2014_i686.whl", hash = "sha256:bdc69d0d3d989a1029df0eed67cc5e8e5d968f3724f4519bd03e0ec68df7543c"},
    {file = "pycryptodomex-3.23.0-cp37-abi3-musllinux_1_2_aarch64.whl", hash = "sha256:6bbcb1dd0f646484939e142462d9e532482bc74475cecf9c4903d4e1cd21f003"},
    {file = "pycryptodomex-3.23.0-cp37-abi3-musllinux_1_2_i686.whl", hash = "sha256:8a4fcd42ccb04c31268d1efeecfccfd1249612b4de6374205376b8f280321744"},
    {file = "pycryptodomex-3.23.0-cp37-abi3-musllinux_1_2_x86_64.whl", hash = "sha256:55ccbe27f049743a4caf4f4221b166560d3438d0b1e5ab929e07ae1702a4d6fd"},
    {file = "pycryptodomex-3.23.0-cp37-abi3-win32.whl", hash = "sha256:189afbc87f0b9f158386bf051f720e20fa6145975f1e76369303d0f31d1a8d7c"},
    {file = "pycryptodomex-3.23.0-cp37-abi3-win_amd64.whl", hash = "sha256:52e5ca58c3a0b0bd5e100a9fbc8015059b05cffc6c66ce9d98b4b45e023443b9"},
    {file = "pycryptodomex-3.23.0-cp37-abi3-win_arm64.whl", hash = "sha256:02d87b80778c171445d67e23d1caef279bf4b25c3597050ccd2e13970b57fd51"},
    {file = "pycryptodomex-3.23.0-pp27-pypy_73-manylinux2010_x86_64.whl", hash = "sha256:febec69c0291efd056c65691b6d9a339f8b4bc43c6635b8699471248fe897fea"},
    {file = "pycryptodomex-3.23.0-pp27-pypy_73-win32.whl", hash = "sha256:c84b239a1f4ec62e9c789aafe0543f0594f0acd90c8d9e15bcece3efe55eca66"},
    {file = "pycryptodomex-3.23.0-pp310-pypy310_pp73-macosx_10_15_x86_64.whl", hash = "sha256:ebfff755c360d674306e5891c564a274a47953562b42fb74a5c25b8fc1fb1cb5"},
    {file = "pycryptodomex-3.23.0-pp310-pypy310_pp73-manylinux_2_17_aarch64.manylinux2014_aarch64.whl", hash = "sha256:eca54f4bb349d45afc17e3011ed4264ef1cc9e266699874cdd1349c504e64798"},
    {file = "pycryptodomex-3.23.0-pp310-pypy310_pp73-manylinux_2_17_x86_64.manylinux2014_x86_64.whl", hash = "sha256:4f2596e643d4365e14d0879dc5aafe6355616c61c2176009270f3048f6d9a61f"},
    {file = "pycryptodomex-3.23.0-pp310-pypy310_pp73-manylinux_2_5_i686.manylinux1_i686.manylinux_2_17_i686.manylinux2014_i686.whl", hash = "sha256:fdfac7cda115bca3a5abb2f9e43bc2fb66c2b65ab074913643803ca7083a79ea"},
    {file = "pycryptodomex-3.23.0-pp310-pypy310_pp73-win_amd64.whl", hash = "sha256:14c37aaece158d0ace436f76a7bb19093db3b4deade9797abfc39ec6cd6cc2fe"},
    {file = "pycryptodomex-3.23.0-pp39-pypy39_pp73-macosx_10_15_x86_64.whl", hash = "sha256:7de1e40a41a5d7f1ac42b6569b10bcdded34339950945948529067d8426d2785"},
    {file = "pycryptodomex-3.23.0-pp39-pypy39_pp73-manylinux_2_17_aarch64.manylinux2014_aarch64.whl", hash = "sha256:bffc92138d75664b6d543984db7893a628559b9e78658563b0395e2a5fb47ed9"},
    {file = "pycryptodomex-3.23.0-pp39-pypy39_pp73-manylinux_2_17_x86_64.manylinux2014_x86_64.whl", hash = "sha256:df027262368334552db2c0ce39706b3fb32022d1dce34673d0f9422df004b96a"},
    {file = "pycryptodomex-3.23.0-pp39-pypy39_pp73-manylinux_2_5_i686.manylinux1_i686.manylinux_2_17_i686.manylinux2014_i686.whl", hash = "sha256:4e79f1aaff5a3a374e92eb462fa9e598585452135012e2945f96874ca6eeb1ff"},
    {file = "pycryptodomex-3.23.0-pp39-pypy39_pp73-win_amd64.whl", hash = "sha256:27e13c80ac9a0a1d050ef0a7e0a18cc04c8850101ec891815b6c5a0375e8a245"},
    {file = "pycryptodomex-3.23.0.tar.gz", hash = "sha256:71909758f010c82bc99b0abf4ea12012c98962fbf0583c2164f8b84533c2e4da"},
]

[[package]]
name = "pynacl"
version = "1.6.2"
description = "Python binding to the Networking and Cryptography (NaCl) library"
optional = false
python-versions = ">=3.8"
groups = ["main"]
files = [
    {file = "pynacl-1.6.2-cp314-cp314t-macosx_10_10_universal2.whl", hash = "sha256:622d7b07cc5c02c666795792931b50c91f3ce3c2649762efb1ef0d5684c81594"},
    {file = "pynacl-1.6.2-cp314-cp314t-manylinux2014_aarch64.manylinux_2_17_aarch64.whl", hash = "sha256:d071c6a9a4c94d79eb665db4ce5cedc537faf74f2355e4d502591d850d3913c0"},
    {file = "pynacl-1.6.2-cp314-cp314t-manylinux2014_x86_64.manylinux_2_17_x86_64.whl", hash = "sha256:fe9847ca47d287af41e82be1dd5e23023d3c31a951da134121ab02e42ac218c9"},
    {file = "pynacl-1.6.2-cp314-cp314t-manylinux_2_26_aarch64.manylinux_2_28_aarch64.whl", hash = "sha256:04316d1fc625d860b6c162fff704eb8426b1a8bcd3abacea11142cbd99a6b574"},
    {file = "pynacl-1.6.2-cp314-cp314t-manylinux_2_26_x86_64.manylinux_2_28_x86_64.whl", hash = "sha256:44081faff368d6c5553ccf55322ef2819abb40e25afaec7e740f159f74813634"},
    {file = "pynacl-1.6.2-cp314-cp314t-manylinux_2_34_aarch64.whl", hash = "sha256:a9f9932d8d2811ce1a8ffa79dcbdf3970e7355b5c8eb0c1a881a57e7f7d96e88"},
    {file = "pynacl-1.6.2-cp314-cp314t-manylinux_2_34_x86_64.whl", hash = "sha256:bc4a36b28dd72fb4845e5d8f9760610588a96d5a51f01d84d8c6ff9849968c14"},
    {file = "pynacl-1.6.2-cp314-cp314t-musllinux_1_2_aarch64.whl", hash = "sha256:3bffb6d0f6becacb6526f8f42adfb5efb26337056ee0831fb9a7044d1a964444"},
    {file = "pynacl-1.6.2-cp314-cp314t-musllinux_1_2_x86_64.whl", hash = "sha256:2fef529ef3ee487ad8113d287a593fa26f48ee3620d92ecc6f1d09ea38e0709b"},
    {file = "pynacl-1.6.2-cp314-cp314t-win32.whl", hash = "sha256:a84bf1c20339d06dc0c85d9aea9637a24f718f375d861b2668b2f9f96fa51145"},
    {file = "pynacl-1.6.2-cp314-cp314t-win_amd64.whl", hash = "sha256:320ef68a41c87547c91a8b58903c9caa641ab01e8512ce291085b5fe2fcb7590"},
    {file = "pynacl-1.6.2-cp314-cp314t-win_arm64.whl", hash = "sha256:d29bfe37e20e015a7d8b23cfc8bd6aa7909c92a1b8f41ee416bbb3e79ef182b2"},
    {file = "pynacl-1.6.2-cp38-abi3-macosx_10_10_universal2.whl", hash = "sha256:c949ea47e4206af7c8f604b8278093b674f7c79ed0d4719cc836902bf4517465"},
    {file = "pynacl-1.6.2-cp38-abi3-manylinux2014_aarch64.manylinux_2_17_aarch64.whl", hash = "sha256:8845c0631c0be43abdd865511c41eab235e0be69c81dc66a50911594198679b0"},
    {file = "pynacl-1.6.2-cp38-abi3-manylinux2014_x86_64.manylinux_2_17_x86_64.whl", hash = "sha256:22de65bb9010a725b0dac248f353bb072969c94fa8d6b1f34b87d7953cf7bbe4"},
    {file = "pynacl-1.6.2-cp38-abi3-manylinux_2_26_aarch64.manylinux_2_28_aarch64.whl", hash = "sha256:46065496ab748469cdd999246d17e301b2c24ae2fdf739132e580a0e94c94a87"},
    {file = "pynacl-1.6.2-cp38-abi3-manylinux_2_26_x86_64.manylinux_2_28_x86_64.whl", hash = "sha256:8a66d6fb6ae7661c58995f9c6435bda2b1e68b54b598a6a10247bfcdadac996c"},
    {file = "pynacl-1.6.2-cp38-abi3-manylinux_2_34_aarch64.whl", hash = "sha256:26bfcd00dcf2cf160f122186af731ae30ab120c18e8375684ec2670dccd28130"},
    {file = "pynacl-1.6.2-cp38-abi3-manylinux_2_34_x86_64.whl", hash = "sha256:c8a231e36ec2cab018c4ad4358c386e36eede0319a0c41fed24f840b1dac59f6"},
    {file = "pynacl-1.6.2-cp38-abi3-musllinux_1_2_aarch64.whl", hash = "sha256:68be3a09455743ff9505491220b64440ced8973fe930f270c8e07ccfa25b1f9e"},
    {file = "pynacl-1.6.2-cp38-abi3-musllinux_1_2_x86_64.whl", hash = "sha256:8b097553b380236d51ed11356c953bf8ce36a29a3e596e934ecabe76c985a577"},
    {file = "pynacl-1.6.2-cp38-abi3-win32.whl", hash = "sha256:5811c72b473b2f38f7e2a3dc4f8642e3a3e9b5e7317266e4ced1fba85cae41aa"},
    {file = "pynacl-1.6.2-cp38-abi3-win_amd64.whl", hash = "sha256:62985f233210dee6548c223301b6c25440852e13d59a8b81490203c3227c5ba0"},
    {file = "pynacl-1.6.2-cp38-abi3-win_arm64.whl", hash = "sha256:834a43af110f743a754448463e8fd61259cd4ab5bbedcf70f9dabad1d28a394c"},
    {file = "pynacl-1.6.2.tar.gz", hash = "sha256:018494d6d696ae03c7e656e5e74cdfd8ea1326962cc401bcf018f1ed8436811c"},
]

[package.dependencies]
cffi = {version = ">=2.0.0", markers = "platform_python_implementation != \"PyPy\" and python_version >= \"3.9\""}

[package.extras]
docs = ["sphinx (<7)", "sphinx_rtd_theme"]
tests = ["hypothesis (>=3.27.0)", "pytest (>=7.4.0)", "pytest-cov (>=2.10.1)", "pytest-xdist (>=3.5.0)"]

[[package]]
name = "python-dotenv"
version = "1.2.3"
description = "Read key-value pairs from a .env file and set them as environment variables"
optional = false
python-versions = ">=3.10"
groups = ["main"]
files = [
    {file = "python_dotenv-1.2.3-py3-none-any.whl", hash = "sha256:904552145e8bfed22162c09dab1c2b9b54fefa7b23ba780f4f26ca0316b0f0d9"},
    {file = "python_dotenv-1.2.3.tar.gz", hash = "sha256:a20a594dabeaa385725aa239d5244871c143ecb356add8a20fcf23773a6c3a35"},
]

[package.extras]
cli = ["click (>=5.0)"]

[[package]]
name = "typing-extensions"
version = "4.16.0"
description = "Backported and Experimental Type Hints for Python 3.9+"
optional = false
python-versions = ">=3.9"
groups = ["main"]
files = [
    {file = "typing_extensions-4.16.0-py3-none-any.whl", hash = "sha256:481caa481374e813c1b176ada14e97f1f67a4539ce9cfeb3f350d78d6370c2e8"},
    {file = "typing_extensions-4.16.0.tar.gz", hash = "sha256:dc983d19a509c94dba722ee6abd33940f7c05a89e243c47e907eb4db6f1a43e5"},
]

[metadata]
lock-version = "2.1"
python-versions = "^3.12"
content-hash = "3f16b074d9cdbab1b83f5f03378cbb52e03c8f3c1e5d106c55d2c817722cd493"
